
Microsoft Visual Studio Solution File, Format Version 12.00
# Visual Studio Version 17
VisualStudioVersion = 17.4.33205.214
MinimumVisualStudioVersion = 10.0.40219.1
Project("{9A19103F-16F7-4668-BE54-9A1E7A4F7556}") = "EasyEat", "EasyEat.csproj", "{21195351-AEF1-4491-B9B6-FB6056CFABA4}"
EndProject
Project("{9A19103F-16F7-4668-BE54-9A1E7A4F7556}") = "BaseLibrary", "..\BaseLibrary\BaseLibrary.csproj", "{98C987C1-6F79-4162-B268-F638E05E9E5C}"
EndProject
Project("{9A19103F-16F7-4668-BE54-9A1E7A4F7556}") = "MathModule", "..\MathModule\MathModule.csproj", "{9709987C-EEDB-4976-97DD-35CF8B9860FB}"
EndProject
Global
	GlobalSection(SolutionConfigurationPlatforms) = preSolution
		Debug|Any CPU = Debug|Any CPU
		Release|Any CPU = Release|Any CPU
	EndGlobalSection
	GlobalSection(ProjectConfigurationPlatforms) = postSolution
		{21195351-AEF1-4491-B9B6-FB6056CFABA4}.Debug|Any CPU.ActiveCfg = Debug|Any CPU
		{21195351-AEF1-4491-B9B6-FB6056CFABA4}.Debug|Any CPU.Build.0 = Debug|Any CPU
		{21195351-AEF1-4491-B9B6-FB6056CFABA4}.Release|Any CPU.ActiveCfg = Release|Any CPU
		{21195351-AEF1-4491-B9B6-FB6056CFABA4}.Release|Any CPU.Build.0 = Release|Any CPU
		{98C987C1-6F79-4162-B268-F638E05E9E5C}.Debug|Any CPU.ActiveCfg = Debug|Any CPU
		{98C987C1-6F79-4162-B268-F638E05E9E5C}.Debug|Any CPU.Build.0 = Debug|Any CPU
		{98C987C1-6F79-4162-B268-F638E05E9E5C}.Release|Any CPU.ActiveCfg = Release|Any CPU
		{98C987C1-6F79-4162-B268-F638E05E9E5C}.Release|Any CPU.Build.0 = Release|Any CPU
		{9709987C-EEDB-4976-97DD-35CF8B9860FB}.Debug|Any CPU.ActiveCfg = Debug|Any CPU
		{9709987C-EEDB-4976-97DD-35CF8B9860FB}.Debug|Any CPU.Build.0 = Debug|Any CPU
		{9709987C-EEDB-4976-97DD-35CF8B9860FB}.Release|Any CPU.ActiveCfg = Release|Any CPU
		{9709987C-EEDB-4976-97DD-35CF8B9860FB}.Release|Any CPU.Build.0 = Release|Any CPU
	EndGlobalSection
	GlobalSection(SolutionProperties) = preSolution
		HideSolutionNode = FALSE
	EndGlobalSection
	GlobalSection(ExtensibilityGlobals) = postSolution
		SolutionGuid = {51B7D4C0-D5A6-4C62-9004-811297CFDB10}
	EndGlobalSection
EndGlobal
